
Microsoft Visual Studio Solution File, Format Version 12.00
# Visual Studio 15
VisualStudioVersion = 15.0.28307.421
MinimumVisualStudioVersion = 10.0.40219.1
Project("{FAE04EC0-301F-11D3-BF4B-00C04F79EFBC}") = "Ecommerce", "Ecommerce\Ecommerce.csproj", "{7C603052-A46E-4B1D-A8B2-D845CFB7A9F8}"
EndProject
Global
	GlobalSection(SolutionConfigurationPlatforms) = preSolution
		Debug|Any CPU = Debug|Any CPU
		Release|Any CPU = Release|Any CPU
	EndGlobalSection
	GlobalSection(ProjectConfigurationPlatforms) = postSolution
		{7C603052-A46E-4B1D-A8B2-D845CFB7A9F8}.Debug|Any CPU.ActiveCfg = Debug|Any CPU
		{7C603052-A46E-4B1D-A8B2-D845CFB7A9F8}.Debug|Any CPU.Build.0 = Debug|Any CPU
		{7C603052-A46E-4B1D-A8B2-D845CFB7A9F8}.Release|Any CPU.ActiveCfg = Release|Any CPU
		{7C603052-A46E-4B1D-A8B2-D845CFB7A9F8}.Release|Any CPU.Build.0 = Release|Any CPU
	EndGlobalSection
	GlobalSection(SolutionProperties) = preSolution
		HideSolutionNode = FALSE
	EndGlobalSection
	GlobalSection(ExtensibilityGlobals) = postSolution
		SolutionGuid = {2D0C00D1-438D-4A13-BD9C-6BCC1908359D}
	EndGlobalSection
EndGlobal
